
Microsoft Visual Studio Solution File, Format Version 12.00
# Visual Studio Version 17
VisualStudioVersion = 17.4.33213.308
MinimumVisualStudioVersion = 10.0.40219.1
Project("{9A19103F-16F7-4668-BE54-9A1E7A4F7556}") = "GHZ.StoreHoursSample.Pos", "Pos\GHZ.StoreHoursSample.Pos.csproj", "{466446F6-7053-4BF9-B6C5-A852B6F76A34}"
EndProject
Project("{9A19103F-16F7-4668-BE54-9A1E7A4F7556}") = "GHZ.StoreHoursSample.CommerceRuntime", "CommerceRuntime\GHZ.StoreHoursSample.CommerceRuntime.csproj", "{548F1C56-C131-4AFE-B798-62301F4FE7C1}"
EndProject
Project("{9A19103F-16F7-4668-BE54-9A1E7A4F7556}") = "GHZ.StoreHoursSample.ScaleUnit", "ScaleUnit\GHZ.StoreHoursSample.ScaleUnit.csproj", "{57D3EC00-BEA7-4FEA-8751-5D65DAC32B85}"
EndProject
Project("{9A19103F-16F7-4668-BE54-9A1E7A4F7556}") = "GHZ.StoreHoursSample.ChannelDatabase", "ChannelDatabase\GHZ.StoreHoursSample.ChannelDatabase.csproj", "{425F761E-AD0B-4DFF-947C-FB9C7CDC12F8}"
EndProject
Project("{9A19103F-16F7-4668-BE54-9A1E7A4F7556}") = "GHZ.StoreHoursSample.StoreCommerce.Installer", "StoreCommerce.Installer\GHZ.StoreHoursSample.StoreCommerce.Installer.csproj", "{276B2061-D23A-4FB9-8951-4D7005FE7D45}"
EndProject
Project("{9A19103F-16F7-4668-BE54-9A1E7A4F7556}") = "GHZ.StoreHoursSample.ScaleUnit.Installer", "ScaleUnit.Installer\GHZ.StoreHoursSample.ScaleUnit.Installer.csproj", "{7DF90570-777E-40D3-BC98-2A5845066134}"
EndProject
Global
	GlobalSection(SolutionConfigurationPlatforms) = preSolution
		Debug|Any CPU = Debug|Any CPU
		Debug|x86 = Debug|x86
		Release|Any CPU = Release|Any CPU
		Release|x86 = Release|x86
	EndGlobalSection
	GlobalSection(ProjectConfigurationPlatforms) = postSolution
		{466446F6-7053-4BF9-B6C5-A852B6F76A34}.Debug|Any CPU.ActiveCfg = Debug|Any CPU
		{466446F6-7053-4BF9-B6C5-A852B6F76A34}.Debug|Any CPU.Build.0 = Debug|Any CPU
		{466446F6-7053-4BF9-B6C5-A852B6F76A34}.Debug|x86.ActiveCfg = Debug|Any CPU
		{466446F6-7053-4BF9-B6C5-A852B6F76A34}.Debug|x86.Build.0 = Debug|Any CPU
		{466446F6-7053-4BF9-B6C5-A852B6F76A34}.Release|Any CPU.ActiveCfg = Release|Any CPU
		{466446F6-7053-4BF9-B6C5-A852B6F76A34}.Release|Any CPU.Build.0 = Release|Any CPU
		{466446F6-7053-4BF9-B6C5-A852B6F76A34}.Release|x86.ActiveCfg = Release|Any CPU
		{466446F6-7053-4BF9-B6C5-A852B6F76A34}.Release|x86.Build.0 = Release|Any CPU
		{548F1C56-C131-4AFE-B798-62301F4FE7C1}.Debug|Any CPU.ActiveCfg = Debug|Any CPU
		{548F1C56-C131-4AFE-B798-62301F4FE7C1}.Debug|Any CPU.Build.0 = Debug|Any CPU
		{548F1C56-C131-4AFE-B798-62301F4FE7C1}.Debug|x86.ActiveCfg = Debug|Any CPU
		{548F1C56-C131-4AFE-B798-62301F4FE7C1}.Debug|x86.Build.0 = Debug|Any CPU
		{548F1C56-C131-4AFE-B798-62301F4FE7C1}.Release|Any CPU.ActiveCfg = Release|Any CPU
		{548F1C56-C131-4AFE-B798-62301F4FE7C1}.Release|Any CPU.Build.0 = Release|Any CPU
		{548F1C56-C131-4AFE-B798-62301F4FE7C1}.Release|x86.ActiveCfg = Release|Any CPU
		{548F1C56-C131-4AFE-B798-62301F4FE7C1}.Release|x86.Build.0 = Release|Any CPU
		{57D3EC00-BEA7-4FEA-8751-5D65DAC32B85}.Debug|Any CPU.ActiveCfg = Debug|Any CPU
		{57D3EC00-BEA7-4FEA-8751-5D65DAC32B85}.Debug|Any CPU.Build.0 = Debug|Any CPU
		{57D3EC00-BEA7-4FEA-8751-5D65DAC32B85}.Debug|x86.ActiveCfg = Debug|Any CPU
		{57D3EC00-BEA7-4FEA-8751-5D65DAC32B85}.Debug|x86.Build.0 = Debug|Any CPU
		{57D3EC00-BEA7-4FEA-8751-5D65DAC32B85}.Release|Any CPU.ActiveCfg = Release|Any CPU
		{57D3EC00-BEA7-4FEA-8751-5D65DAC32B85}.Release|Any CPU.Build.0 = Release|Any CPU
		{57D3EC00-BEA7-4FEA-8751-5D65DAC32B85}.Release|x86.ActiveCfg = Release|Any CPU
		{57D3EC00-BEA7-4FEA-8751-5D65DAC32B85}.Release|x86.Build.0 = Release|Any CPU
		{425F761E-AD0B-4DFF-947C-FB9C7CDC12F8}.Debug|Any CPU.ActiveCfg = Debug|Any CPU
		{425F761E-AD0B-4DFF-947C-FB9C7CDC12F8}.Debug|Any CPU.Build.0 = Debug|Any CPU
		{425F761E-AD0B-4DFF-947C-FB9C7CDC12F8}.Debug|x86.ActiveCfg = Debug|Any CPU
		{425F761E-AD0B-4DFF-947C-FB9C7CDC12F8}.Debug|x86.Build.0 = Debug|Any CPU
		{425F761E-AD0B-4DFF-947C-FB9C7CDC12F8}.Release|Any CPU.ActiveCfg = Release|Any CPU
		{425F761E-AD0B-4DFF-947C-FB9C7CDC12F8}.Release|Any CPU.Build.0 = Release|Any CPU
		{425F761E-AD0B-4DFF-947C-FB9C7CDC12F8}.Release|x86.ActiveCfg = Release|Any CPU
		{425F761E-AD0B-4DFF-947C-FB9C7CDC12F8}.Release|x86.Build.0 = Release|Any CPU
		{276B2061-D23A-4FB9-8951-4D7005FE7D45}.Debug|Any CPU.ActiveCfg = Debug|Any CPU
		{276B2061-D23A-4FB9-8951-4D7005FE7D45}.Debug|Any CPU.Build.0 = Debug|Any CPU
		{276B2061-D23A-4FB9-8951-4D7005FE7D45}.Debug|x86.ActiveCfg = Debug|Any CPU
		{276B2061-D23A-4FB9-8951-4D7005FE7D45}.Debug|x86.Build.0 = Debug|Any CPU
		{276B2061-D23A-4FB9-8951-4D7005FE7D45}.Release|Any CPU.ActiveCfg = Release|Any CPU
		{276B2061-D23A-4FB9-8951-4D7005FE7D45}.Release|Any CPU.Build.0 = Release|Any CPU
		{276B2061-D23A-4FB9-8951-4D7005FE7D45}.Release|x86.ActiveCfg = Release|Any CPU
		{276B2061-D23A-4FB9-8951-4D7005FE7D45}.Release|x86.Build.0 = Release|Any CPU
		{7DF90570-777E-40D3-BC98-2A5845066134}.Debug|Any CPU.ActiveCfg = Debug|Any CPU
		{7DF90570-777E-40D3-BC98-2A5845066134}.Debug|Any CPU.Build.0 = Debug|Any CPU
		{7DF90570-777E-40D3-BC98-2A5845066134}.Debug|x86.ActiveCfg = Debug|Any CPU
		{7DF90570-777E-40D3-BC98-2A5845066134}.Debug|x86.Build.0 = Debug|Any CPU
		{7DF90570-777E-40D3-BC98-2A5845066134}.Release|Any CPU.ActiveCfg = Release|Any CPU
		{7DF90570-777E-40D3-BC98-2A5845066134}.Release|Any CPU.Build.0 = Release|Any CPU
		{7DF90570-777E-40D3-BC98-2A5845066134}.Release|x86.ActiveCfg = Release|Any CPU
		{7DF90570-777E-40D3-BC98-2A5845066134}.Release|x86.Build.0 = Release|Any CPU
	EndGlobalSection
	GlobalSection(SolutionProperties) = preSolution
		HideSolutionNode = FALSE
	EndGlobalSection
	GlobalSection(ExtensibilityGlobals) = postSolution
		SolutionGuid = {2F25BD3E-33A7-402B-90CB-98ACA8C6CF75}
	EndGlobalSection
EndGlobal
