
Microsoft Visual Studio Solution File, Format Version 12.00
# Visual Studio 15
VisualStudioVersion = 15.0.28307.1525
MinimumVisualStudioVersion = 10.0.40219.1
Project("{9A19103F-16F7-4668-BE54-9A1E7A4F7556}") = "GHZ.BarcodeMsrDialogSample.CommerceRuntime", "CommerceRuntime\GHZ.BarcodeMsrDialogSample.CommerceRuntime.csproj", "{0A8E24B8-84E0-4061-BE51-DDB9F3B0EA44}"
EndProject
Project("{9A19103F-16F7-4668-BE54-9A1E7A4F7556}") = "GHZ.BarcodeMsrDialogSample.Pos", "Pos\GHZ.BarcodeMsrDialogSample.Pos.csproj", "{5B4EC383-7E18-4125-8920-EFF518648AA0}"
EndProject
Project("{9A19103F-16F7-4668-BE54-9A1E7A4F7556}") = "GHZ.BarcodeMsrDialogSample.ScaleUnit", "ScaleUnit\GHZ.BarcodeMsrDialogSample.ScaleUnit.csproj", "{E6B0992F-737B-4DCD-B584-021CA659E83C}"
EndProject
Project("{9A19103F-16F7-4668-BE54-9A1E7A4F7556}") = "GHZ.BarcodeMsrDialogSample.HardwareStation", "HardwareStation\GHZ.BarcodeMsrDialogSample.HardwareStation.csproj", "{DE726713-6813-47D1-A670-33093B55088F}"
EndProject
Project("{9A19103F-16F7-4668-BE54-9A1E7A4F7556}") = "GHZ.BarcodeMsrDialogSample.StoreCommerce.Installer", "StoreCommerce.Installer\GHZ.BarcodeMsrDialogSample.StoreCommerce.Installer.csproj", "{7CB6E2C2-E566-4BDB-B6A8-815820A59DAA}"
EndProject
Project("{FAE04EC0-301F-11D3-BF4B-00C04F79EFBC}") = "GHZ.BarcodeMsrDialogSample.HardwareStation.Windows", "GHZ.BarcodeMsrDialogSample.HardwareStation.Windows\GHZ.BarcodeMsrDialogSample.HardwareStation.Windows.csproj", "{9485B189-4E42-4653-9689-F5632937C7C7}"
EndProject
Project("{9A19103F-16F7-4668-BE54-9A1E7A4F7556}") = "GHZ.PosSamples.Pos", "PosSamples\GHZ.PosSamples.Pos.csproj", "{F12BE54F-19EF-4CBD-BDB8-1DDEEE441E25}"
EndProject
Project("{9A19103F-16F7-4668-BE54-9A1E7A4F7556}") = "CRT_RetailSDKSample", "CRT_RetailSDKSample\CRT_RetailSDKSample.csproj", "{D956CC59-BB2C-49F0-A1A2-8D5B5F0F0DA2}"
EndProject
Project("{FAE04EC0-301F-11D3-BF4B-00C04F79EFBC}") = "PaymentSdk.Connector.Sample", "PaymentSdk.Connector.Sample\PaymentSdk.Connector.Sample.csproj", "{FB6483ED-2F4B-4CB4-84A9-EE1D4BEFD10A}"
EndProject
Global
	GlobalSection(SolutionConfigurationPlatforms) = preSolution
		Debug|Any CPU = Debug|Any CPU
		Release|Any CPU = Release|Any CPU
	EndGlobalSection
	GlobalSection(ProjectConfigurationPlatforms) = postSolution
		{0A8E24B8-84E0-4061-BE51-DDB9F3B0EA44}.Debug|Any CPU.ActiveCfg = Debug|Any CPU
		{0A8E24B8-84E0-4061-BE51-DDB9F3B0EA44}.Debug|Any CPU.Build.0 = Debug|Any CPU
		{0A8E24B8-84E0-4061-BE51-DDB9F3B0EA44}.Release|Any CPU.ActiveCfg = Release|Any CPU
		{0A8E24B8-84E0-4061-BE51-DDB9F3B0EA44}.Release|Any CPU.Build.0 = Release|Any CPU
		{5B4EC383-7E18-4125-8920-EFF518648AA0}.Debug|Any CPU.ActiveCfg = Debug|Any CPU
		{5B4EC383-7E18-4125-8920-EFF518648AA0}.Debug|Any CPU.Build.0 = Debug|Any CPU
		{5B4EC383-7E18-4125-8920-EFF518648AA0}.Release|Any CPU.ActiveCfg = Release|Any CPU
		{5B4EC383-7E18-4125-8920-EFF518648AA0}.Release|Any CPU.Build.0 = Release|Any CPU
		{E6B0992F-737B-4DCD-B584-021CA659E83C}.Debug|Any CPU.ActiveCfg = Debug|Any CPU
		{E6B0992F-737B-4DCD-B584-021CA659E83C}.Debug|Any CPU.Build.0 = Debug|Any CPU
		{E6B0992F-737B-4DCD-B584-021CA659E83C}.Release|Any CPU.ActiveCfg = Release|Any CPU
		{E6B0992F-737B-4DCD-B584-021CA659E83C}.Release|Any CPU.Build.0 = Release|Any CPU
		{DE726713-6813-47D1-A670-33093B55088F}.Debug|Any CPU.ActiveCfg = Debug|Any CPU
		{DE726713-6813-47D1-A670-33093B55088F}.Debug|Any CPU.Build.0 = Debug|Any CPU
		{DE726713-6813-47D1-A670-33093B55088F}.Release|Any CPU.ActiveCfg = Release|Any CPU
		{DE726713-6813-47D1-A670-33093B55088F}.Release|Any CPU.Build.0 = Release|Any CPU
		{7CB6E2C2-E566-4BDB-B6A8-815820A59DAA}.Debug|Any CPU.ActiveCfg = Debug|Any CPU
		{7CB6E2C2-E566-4BDB-B6A8-815820A59DAA}.Debug|Any CPU.Build.0 = Debug|Any CPU
		{7CB6E2C2-E566-4BDB-B6A8-815820A59DAA}.Release|Any CPU.ActiveCfg = Release|Any CPU
		{7CB6E2C2-E566-4BDB-B6A8-815820A59DAA}.Release|Any CPU.Build.0 = Release|Any CPU
		{9485B189-4E42-4653-9689-F5632937C7C7}.Debug|Any CPU.ActiveCfg = Debug|Any CPU
		{9485B189-4E42-4653-9689-F5632937C7C7}.Debug|Any CPU.Build.0 = Debug|Any CPU
		{9485B189-4E42-4653-9689-F5632937C7C7}.Release|Any CPU.ActiveCfg = Release|Any CPU
		{9485B189-4E42-4653-9689-F5632937C7C7}.Release|Any CPU.Build.0 = Release|Any CPU
		{F12BE54F-19EF-4CBD-BDB8-1DDEEE441E25}.Debug|Any CPU.ActiveCfg = Debug|Any CPU
		{F12BE54F-19EF-4CBD-BDB8-1DDEEE441E25}.Debug|Any CPU.Build.0 = Debug|Any CPU
		{F12BE54F-19EF-4CBD-BDB8-1DDEEE441E25}.Release|Any CPU.ActiveCfg = Release|Any CPU
		{F12BE54F-19EF-4CBD-BDB8-1DDEEE441E25}.Release|Any CPU.Build.0 = Release|Any CPU
		{D956CC59-BB2C-49F0-A1A2-8D5B5F0F0DA2}.Debug|Any CPU.ActiveCfg = Debug|Any CPU
		{D956CC59-BB2C-49F0-A1A2-8D5B5F0F0DA2}.Debug|Any CPU.Build.0 = Debug|Any CPU
		{D956CC59-BB2C-49F0-A1A2-8D5B5F0F0DA2}.Release|Any CPU.ActiveCfg = Release|Any CPU
		{D956CC59-BB2C-49F0-A1A2-8D5B5F0F0DA2}.Release|Any CPU.Build.0 = Release|Any CPU
		{FB6483ED-2F4B-4CB4-84A9-EE1D4BEFD10A}.Debug|Any CPU.ActiveCfg = Debug|Any CPU
		{FB6483ED-2F4B-4CB4-84A9-EE1D4BEFD10A}.Debug|Any CPU.Build.0 = Debug|Any CPU
		{FB6483ED-2F4B-4CB4-84A9-EE1D4BEFD10A}.Release|Any CPU.ActiveCfg = Release|Any CPU
		{FB6483ED-2F4B-4CB4-84A9-EE1D4BEFD10A}.Release|Any CPU.Build.0 = Release|Any CPU
	EndGlobalSection
	GlobalSection(SolutionProperties) = preSolution
		HideSolutionNode = FALSE
	EndGlobalSection
	GlobalSection(ExtensibilityGlobals) = postSolution
		SolutionGuid = {6DD75DDB-7B61-4336-99C4-775DD92958C8}
	EndGlobalSection
EndGlobal
