
Microsoft Visual Studio Solution File, Format Version 12.00
# Visual Studio 15
VisualStudioVersion = 15.0.28307.2017
MinimumVisualStudioVersion = 10.0.40219.1
Project("{9A19103F-16F7-4668-BE54-9A1E7A4F7556}") = "GHZ.GasStationSample.CommerceRuntime", "CommerceRuntime\GHZ.GasStationSample.CommerceRuntime.csproj", "{28018630-CD64-48F9-8961-7335DB104167}"
EndProject
Project("{9A19103F-16F7-4668-BE54-9A1E7A4F7556}") = "GHZ.GasStationSample.Pos", "Pos\GHZ.GasStationSample.Pos.csproj", "{3DBFF33D-8053-4791-AECE-1DB2BDCA5FAB}"
EndProject
Project("{9A19103F-16F7-4668-BE54-9A1E7A4F7556}") = "GHZ.GasStationSample.ScaleUnit", "ScaleUnit\GHZ.GasStationSample.ScaleUnit.csproj", "{CF0FA606-BABF-48C2-9B87-B16B686A4113}"
EndProject
Global
	GlobalSection(SolutionConfigurationPlatforms) = preSolution
		Debug|Any CPU = Debug|Any CPU
		Release|Any CPU = Release|Any CPU
	EndGlobalSection
	GlobalSection(ProjectConfigurationPlatforms) = postSolution
		{28018630-CD64-48F9-8961-7335DB104167}.Debug|Any CPU.ActiveCfg = Debug|Any CPU
		{28018630-CD64-48F9-8961-7335DB104167}.Debug|Any CPU.Build.0 = Debug|Any CPU
		{28018630-CD64-48F9-8961-7335DB104167}.Release|Any CPU.ActiveCfg = Release|Any CPU
		{28018630-CD64-48F9-8961-7335DB104167}.Release|Any CPU.Build.0 = Release|Any CPU
		{3DBFF33D-8053-4791-AECE-1DB2BDCA5FAB}.Debug|Any CPU.ActiveCfg = Debug|Any CPU
		{3DBFF33D-8053-4791-AECE-1DB2BDCA5FAB}.Debug|Any CPU.Build.0 = Debug|Any CPU
		{3DBFF33D-8053-4791-AECE-1DB2BDCA5FAB}.Release|Any CPU.ActiveCfg = Release|Any CPU
		{3DBFF33D-8053-4791-AECE-1DB2BDCA5FAB}.Release|Any CPU.Build.0 = Release|Any CPU
		{CF0FA606-BABF-48C2-9B87-B16B686A4113}.Debug|Any CPU.ActiveCfg = Debug|Any CPU
		{CF0FA606-BABF-48C2-9B87-B16B686A4113}.Debug|Any CPU.Build.0 = Debug|Any CPU
		{CF0FA606-BABF-48C2-9B87-B16B686A4113}.Release|Any CPU.ActiveCfg = Release|Any CPU
		{CF0FA606-BABF-48C2-9B87-B16B686A4113}.Release|Any CPU.Build.0 = Release|Any CPU
	EndGlobalSection
	GlobalSection(SolutionProperties) = preSolution
		HideSolutionNode = FALSE
	EndGlobalSection
	GlobalSection(ExtensibilityGlobals) = postSolution
		SolutionGuid = {66879A64-04B7-4246-A1F6-A8556C9BF793}
	EndGlobalSection
EndGlobal
