
Microsoft Visual Studio Solution File, Format Version 12.00
# Visual Studio 15
VisualStudioVersion = 15.0.28307.1758
MinimumVisualStudioVersion = 10.0.40219.1
Project("{9A19103F-16F7-4668-BE54-9A1E7A4F7556}") = "GHZ.StoreHoursSample.Pos", "Pos\GHZ.StoreHoursSample.Pos.csproj", "{466446F6-7053-4BF9-B6C5-A852B6F76A34}"
EndProject
Project("{9A19103F-16F7-4668-BE54-9A1E7A4F7556}") = "GHZ.StoreHoursSample.CommerceRuntime", "CommerceRuntime\GHZ.StoreHoursSample.CommerceRuntime.csproj", "{548F1C56-C131-4AFE-B798-62301F4FE7C1}"
EndProject
Project("{9A19103F-16F7-4668-BE54-9A1E7A4F7556}") = "GHZ.StoreHoursSample.ScaleUnit", "ScaleUnit\GHZ.StoreHoursSample.ScaleUnit.csproj", "{57D3EC00-BEA7-4FEA-8751-5D65DAC32B85}"
EndProject
Project("{9A19103F-16F7-4668-BE54-9A1E7A4F7556}") = "GHZ.StoreHoursSample.ChannelDatabase", "ChannelDatabase\GHZ.StoreHoursSample.ChannelDatabase.csproj", "{425F761E-AD0B-4DFF-947C-FB9C7CDC12F8}"
EndProject
Project("{9A19103F-16F7-4668-BE54-9A1E7A4F7556}") = "GHZ.StoreHoursSample.StoreCommerce.Installer", "StoreCommerce.Installer\GHZ.StoreHoursSample.StoreCommerce.Installer.csproj", "{276B2061-D23A-4FB9-8951-4D7005FE7D45}"
EndProject
Project("{9A19103F-16F7-4668-BE54-9A1E7A4F7556}") = "GHZ.StoreHoursSample.ScaleUnit.Installer", "ScaleUnit.Installer\GHZ.StoreHoursSample.ScaleUnit.Installer.csproj", "{B0AEF562-FFB2-4226-ABDE-FD740A2269B6}"
EndProject
Project("{9A19103F-16F7-4668-BE54-9A1E7A4F7556}") = "GHZ.HardwareStation.CoinDispenserSample", "HardwareStation.CoinDispenserSample\GHZ.HardwareStation.CoinDispenserSample.csproj", "{8BABB689-E304-4088-835C-D29E8FAE813C}"
EndProject
Project("{9A19103F-16F7-4668-BE54-9A1E7A4F7556}") = "GHZ.HardwareStation.PaymentDeviceSample", "PaymentDevice\GHZ.HardwareStation.PaymentDeviceSample.csproj", "{86497AE8-9784-4E5D-BF00-B566522DAFEB}"
EndProject
Project("{9A19103F-16F7-4668-BE54-9A1E7A4F7556}") = "GHZ.PaymentDeviceSample.HardwareStation.Installer", "HardwareStation.Installer\GHZ.PaymentDeviceSample.HardwareStation.Installer.csproj", "{D8EC8EFA-E568-4A04-8E1A-983350D53341}"
EndProject
Project("{9A19103F-16F7-4668-BE54-9A1E7A4F7556}") = "GHZ.HardwareStation.OposPrinterDeviceSample", "HardwareStation.OposPrinterDeviceSample\GHZ.HardwareStation.OposPrinterDeviceSample.csproj", "{31AB36DF-9345-4CE5-A0D1-400379F51812}"
EndProject
Project("{FAE04EC0-301F-11D3-BF4B-00C04F79EFBC}") = "GHZ.StoreCommercePackagingSample.HardwareStation", "GHZ.StoreCommercePackagingSample.HardwareStation\GHZ.StoreCommercePackagingSample.HardwareStation.csproj", "{15725C0B-D938-437F-A429-AC258E8A03A2}"
EndProject
Global
	GlobalSection(SolutionConfigurationPlatforms) = preSolution
		Debug|Any CPU = Debug|Any CPU
		Debug|x86 = Debug|x86
		Release|Any CPU = Release|Any CPU
		Release|x86 = Release|x86
	EndGlobalSection
	GlobalSection(ProjectConfigurationPlatforms) = postSolution
		{466446F6-7053-4BF9-B6C5-A852B6F76A34}.Debug|Any CPU.ActiveCfg = Debug|Any CPU
		{466446F6-7053-4BF9-B6C5-A852B6F76A34}.Debug|Any CPU.Build.0 = Debug|Any CPU
		{466446F6-7053-4BF9-B6C5-A852B6F76A34}.Debug|x86.ActiveCfg = Debug|Any CPU
		{466446F6-7053-4BF9-B6C5-A852B6F76A34}.Debug|x86.Build.0 = Debug|Any CPU
		{466446F6-7053-4BF9-B6C5-A852B6F76A34}.Release|Any CPU.ActiveCfg = Release|Any CPU
		{466446F6-7053-4BF9-B6C5-A852B6F76A34}.Release|Any CPU.Build.0 = Release|Any CPU
		{466446F6-7053-4BF9-B6C5-A852B6F76A34}.Release|x86.ActiveCfg = Release|Any CPU
		{466446F6-7053-4BF9-B6C5-A852B6F76A34}.Release|x86.Build.0 = Release|Any CPU
		{548F1C56-C131-4AFE-B798-62301F4FE7C1}.Debug|Any CPU.ActiveCfg = Debug|Any CPU
		{548F1C56-C131-4AFE-B798-62301F4FE7C1}.Debug|Any CPU.Build.0 = Debug|Any CPU
		{548F1C56-C131-4AFE-B798-62301F4FE7C1}.Debug|x86.ActiveCfg = Debug|Any CPU
		{548F1C56-C131-4AFE-B798-62301F4FE7C1}.Debug|x86.Build.0 = Debug|Any CPU
		{548F1C56-C131-4AFE-B798-62301F4FE7C1}.Release|Any CPU.ActiveCfg = Release|Any CPU
		{548F1C56-C131-4AFE-B798-62301F4FE7C1}.Release|Any CPU.Build.0 = Release|Any CPU
		{548F1C56-C131-4AFE-B798-62301F4FE7C1}.Release|x86.ActiveCfg = Release|Any CPU
		{548F1C56-C131-4AFE-B798-62301F4FE7C1}.Release|x86.Build.0 = Release|Any CPU
		{57D3EC00-BEA7-4FEA-8751-5D65DAC32B85}.Debug|Any CPU.ActiveCfg = Debug|Any CPU
		{57D3EC00-BEA7-4FEA-8751-5D65DAC32B85}.Debug|Any CPU.Build.0 = Debug|Any CPU
		{57D3EC00-BEA7-4FEA-8751-5D65DAC32B85}.Debug|x86.ActiveCfg = Debug|Any CPU
		{57D3EC00-BEA7-4FEA-8751-5D65DAC32B85}.Debug|x86.Build.0 = Debug|Any CPU
		{57D3EC00-BEA7-4FEA-8751-5D65DAC32B85}.Release|Any CPU.ActiveCfg = Release|Any CPU
		{57D3EC00-BEA7-4FEA-8751-5D65DAC32B85}.Release|Any CPU.Build.0 = Release|Any CPU
		{57D3EC00-BEA7-4FEA-8751-5D65DAC32B85}.Release|x86.ActiveCfg = Release|Any CPU
		{57D3EC00-BEA7-4FEA-8751-5D65DAC32B85}.Release|x86.Build.0 = Release|Any CPU
		{425F761E-AD0B-4DFF-947C-FB9C7CDC12F8}.Debug|Any CPU.ActiveCfg = Debug|Any CPU
		{425F761E-AD0B-4DFF-947C-FB9C7CDC12F8}.Debug|Any CPU.Build.0 = Debug|Any CPU
		{425F761E-AD0B-4DFF-947C-FB9C7CDC12F8}.Debug|x86.ActiveCfg = Debug|Any CPU
		{425F761E-AD0B-4DFF-947C-FB9C7CDC12F8}.Debug|x86.Build.0 = Debug|Any CPU
		{425F761E-AD0B-4DFF-947C-FB9C7CDC12F8}.Release|Any CPU.ActiveCfg = Release|Any CPU
		{425F761E-AD0B-4DFF-947C-FB9C7CDC12F8}.Release|Any CPU.Build.0 = Release|Any CPU
		{425F761E-AD0B-4DFF-947C-FB9C7CDC12F8}.Release|x86.ActiveCfg = Release|Any CPU
		{425F761E-AD0B-4DFF-947C-FB9C7CDC12F8}.Release|x86.Build.0 = Release|Any CPU
		{276B2061-D23A-4FB9-8951-4D7005FE7D45}.Debug|Any CPU.ActiveCfg = Debug|Any CPU
		{276B2061-D23A-4FB9-8951-4D7005FE7D45}.Debug|Any CPU.Build.0 = Debug|Any CPU
		{276B2061-D23A-4FB9-8951-4D7005FE7D45}.Debug|x86.ActiveCfg = Debug|Any CPU
		{276B2061-D23A-4FB9-8951-4D7005FE7D45}.Debug|x86.Build.0 = Debug|Any CPU
		{276B2061-D23A-4FB9-8951-4D7005FE7D45}.Release|Any CPU.ActiveCfg = Release|Any CPU
		{276B2061-D23A-4FB9-8951-4D7005FE7D45}.Release|Any CPU.Build.0 = Release|Any CPU
		{276B2061-D23A-4FB9-8951-4D7005FE7D45}.Release|x86.ActiveCfg = Release|Any CPU
		{276B2061-D23A-4FB9-8951-4D7005FE7D45}.Release|x86.Build.0 = Release|Any CPU
		{B0AEF562-FFB2-4226-ABDE-FD740A2269B6}.Debug|Any CPU.ActiveCfg = Debug|Any CPU
		{B0AEF562-FFB2-4226-ABDE-FD740A2269B6}.Debug|Any CPU.Build.0 = Debug|Any CPU
		{B0AEF562-FFB2-4226-ABDE-FD740A2269B6}.Debug|x86.ActiveCfg = Debug|Any CPU
		{B0AEF562-FFB2-4226-ABDE-FD740A2269B6}.Debug|x86.Build.0 = Debug|Any CPU
		{B0AEF562-FFB2-4226-ABDE-FD740A2269B6}.Release|Any CPU.ActiveCfg = Release|Any CPU
		{B0AEF562-FFB2-4226-ABDE-FD740A2269B6}.Release|Any CPU.Build.0 = Release|Any CPU
		{B0AEF562-FFB2-4226-ABDE-FD740A2269B6}.Release|x86.ActiveCfg = Release|Any CPU
		{B0AEF562-FFB2-4226-ABDE-FD740A2269B6}.Release|x86.Build.0 = Release|Any CPU
		{8BABB689-E304-4088-835C-D29E8FAE813C}.Debug|Any CPU.ActiveCfg = Debug|Any CPU
		{8BABB689-E304-4088-835C-D29E8FAE813C}.Debug|Any CPU.Build.0 = Debug|Any CPU
		{8BABB689-E304-4088-835C-D29E8FAE813C}.Debug|x86.ActiveCfg = Debug|Any CPU
		{8BABB689-E304-4088-835C-D29E8FAE813C}.Debug|x86.Build.0 = Debug|Any CPU
		{8BABB689-E304-4088-835C-D29E8FAE813C}.Release|Any CPU.ActiveCfg = Release|Any CPU
		{8BABB689-E304-4088-835C-D29E8FAE813C}.Release|Any CPU.Build.0 = Release|Any CPU
		{8BABB689-E304-4088-835C-D29E8FAE813C}.Release|x86.ActiveCfg = Release|Any CPU
		{8BABB689-E304-4088-835C-D29E8FAE813C}.Release|x86.Build.0 = Release|Any CPU
		{86497AE8-9784-4E5D-BF00-B566522DAFEB}.Debug|Any CPU.ActiveCfg = Debug|Any CPU
		{86497AE8-9784-4E5D-BF00-B566522DAFEB}.Debug|Any CPU.Build.0 = Debug|Any CPU
		{86497AE8-9784-4E5D-BF00-B566522DAFEB}.Debug|x86.ActiveCfg = Debug|Any CPU
		{86497AE8-9784-4E5D-BF00-B566522DAFEB}.Debug|x86.Build.0 = Debug|Any CPU
		{86497AE8-9784-4E5D-BF00-B566522DAFEB}.Release|Any CPU.ActiveCfg = Release|Any CPU
		{86497AE8-9784-4E5D-BF00-B566522DAFEB}.Release|Any CPU.Build.0 = Release|Any CPU
		{86497AE8-9784-4E5D-BF00-B566522DAFEB}.Release|x86.ActiveCfg = Release|Any CPU
		{86497AE8-9784-4E5D-BF00-B566522DAFEB}.Release|x86.Build.0 = Release|Any CPU
		{D8EC8EFA-E568-4A04-8E1A-983350D53341}.Debug|Any CPU.ActiveCfg = Debug|Any CPU
		{D8EC8EFA-E568-4A04-8E1A-983350D53341}.Debug|Any CPU.Build.0 = Debug|Any CPU
		{D8EC8EFA-E568-4A04-8E1A-983350D53341}.Debug|x86.ActiveCfg = Debug|Any CPU
		{D8EC8EFA-E568-4A04-8E1A-983350D53341}.Debug|x86.Build.0 = Debug|Any CPU
		{D8EC8EFA-E568-4A04-8E1A-983350D53341}.Release|Any CPU.ActiveCfg = Release|Any CPU
		{D8EC8EFA-E568-4A04-8E1A-983350D53341}.Release|Any CPU.Build.0 = Release|Any CPU
		{D8EC8EFA-E568-4A04-8E1A-983350D53341}.Release|x86.ActiveCfg = Release|Any CPU
		{D8EC8EFA-E568-4A04-8E1A-983350D53341}.Release|x86.Build.0 = Release|Any CPU
		{31AB36DF-9345-4CE5-A0D1-400379F51812}.Debug|Any CPU.ActiveCfg = Debug|Any CPU
		{31AB36DF-9345-4CE5-A0D1-400379F51812}.Debug|Any CPU.Build.0 = Debug|Any CPU
		{31AB36DF-9345-4CE5-A0D1-400379F51812}.Debug|x86.ActiveCfg = Debug|Any CPU
		{31AB36DF-9345-4CE5-A0D1-400379F51812}.Debug|x86.Build.0 = Debug|Any CPU
		{31AB36DF-9345-4CE5-A0D1-400379F51812}.Release|Any CPU.ActiveCfg = Release|Any CPU
		{31AB36DF-9345-4CE5-A0D1-400379F51812}.Release|Any CPU.Build.0 = Release|Any CPU
		{31AB36DF-9345-4CE5-A0D1-400379F51812}.Release|x86.ActiveCfg = Release|Any CPU
		{31AB36DF-9345-4CE5-A0D1-400379F51812}.Release|x86.Build.0 = Release|Any CPU
		{15725C0B-D938-437F-A429-AC258E8A03A2}.Debug|Any CPU.ActiveCfg = Debug|Any CPU
		{15725C0B-D938-437F-A429-AC258E8A03A2}.Debug|Any CPU.Build.0 = Debug|Any CPU
		{15725C0B-D938-437F-A429-AC258E8A03A2}.Debug|x86.ActiveCfg = Debug|Any CPU
		{15725C0B-D938-437F-A429-AC258E8A03A2}.Debug|x86.Build.0 = Debug|Any CPU
		{15725C0B-D938-437F-A429-AC258E8A03A2}.Release|Any CPU.ActiveCfg = Release|Any CPU
		{15725C0B-D938-437F-A429-AC258E8A03A2}.Release|Any CPU.Build.0 = Release|Any CPU
		{15725C0B-D938-437F-A429-AC258E8A03A2}.Release|x86.ActiveCfg = Release|Any CPU
		{15725C0B-D938-437F-A429-AC258E8A03A2}.Release|x86.Build.0 = Release|Any CPU
	EndGlobalSection
	GlobalSection(SolutionProperties) = preSolution
		HideSolutionNode = FALSE
	EndGlobalSection
	GlobalSection(ExtensibilityGlobals) = postSolution
		SolutionGuid = {2F25BD3E-33A7-402B-90CB-98ACA8C6CF75}
	EndGlobalSection
EndGlobal
