
Microsoft Visual Studio Solution File, Format Version 12.00
# Visual Studio Version 17
VisualStudioVersion = 17.2.32630.192
MinimumVisualStudioVersion = 10.0.40219.1
Project("{9A19103F-16F7-4668-BE54-9A1E7A4F7556}") = "GHZ.PaymentSDK.CommerceRuntime", "CommerceRuntime\GHZ.PaymentSDK.CommerceRuntime.csproj", "{0A8E24B8-84E0-4061-BE51-DDB9F3B0EA44}"
EndProject
Project("{9A19103F-16F7-4668-BE54-9A1E7A4F7556}") = "GHZ.PaymentSDK.ScaleUnit", "ScaleUnit\GHZ.PaymentSDK.ScaleUnit.csproj", "{E6B0992F-737B-4DCD-B584-021CA659E83C}"
EndProject
Project("{9A19103F-16F7-4668-BE54-9A1E7A4F7556}") = "GHZ.PaymentSDK.HardwareStation", "HardwareStation\GHZ.PaymentSDK.HardwareStation.csproj", "{DE726713-6813-47D1-A670-33093B55088F}"
EndProject
Project("{9A19103F-16F7-4668-BE54-9A1E7A4F7556}") = "GHZ.PaymentSDK.StoreCommerce.Installer", "StoreCommerce.Installer\GHZ.PaymentSDK.StoreCommerce.Installer.csproj", "{7CB6E2C2-E566-4BDB-B6A8-815820A59DAA}"
EndProject
Project("{9A19103F-16F7-4668-BE54-9A1E7A4F7556}") = "PaymentSdk.Connector.Sample", "PaymentSdk\PaymentSdk.Connector.Sample.csproj", "{FF938420-86F6-4A27-9462-A395D9F43782}"
EndProject
Global
	GlobalSection(SolutionConfigurationPlatforms) = preSolution
		Debug|Any CPU = Debug|Any CPU
		Release|Any CPU = Release|Any CPU
	EndGlobalSection
	GlobalSection(ProjectConfigurationPlatforms) = postSolution
		{0A8E24B8-84E0-4061-BE51-DDB9F3B0EA44}.Debug|Any CPU.ActiveCfg = Debug|Any CPU
		{0A8E24B8-84E0-4061-BE51-DDB9F3B0EA44}.Debug|Any CPU.Build.0 = Debug|Any CPU
		{0A8E24B8-84E0-4061-BE51-DDB9F3B0EA44}.Release|Any CPU.ActiveCfg = Release|Any CPU
		{0A8E24B8-84E0-4061-BE51-DDB9F3B0EA44}.Release|Any CPU.Build.0 = Release|Any CPU
		{E6B0992F-737B-4DCD-B584-021CA659E83C}.Debug|Any CPU.ActiveCfg = Debug|Any CPU
		{E6B0992F-737B-4DCD-B584-021CA659E83C}.Debug|Any CPU.Build.0 = Debug|Any CPU
		{E6B0992F-737B-4DCD-B584-021CA659E83C}.Release|Any CPU.ActiveCfg = Release|Any CPU
		{E6B0992F-737B-4DCD-B584-021CA659E83C}.Release|Any CPU.Build.0 = Release|Any CPU
		{DE726713-6813-47D1-A670-33093B55088F}.Debug|Any CPU.ActiveCfg = Debug|Any CPU
		{DE726713-6813-47D1-A670-33093B55088F}.Debug|Any CPU.Build.0 = Debug|Any CPU
		{DE726713-6813-47D1-A670-33093B55088F}.Release|Any CPU.ActiveCfg = Release|Any CPU
		{DE726713-6813-47D1-A670-33093B55088F}.Release|Any CPU.Build.0 = Release|Any CPU
		{7CB6E2C2-E566-4BDB-B6A8-815820A59DAA}.Debug|Any CPU.ActiveCfg = Debug|Any CPU
		{7CB6E2C2-E566-4BDB-B6A8-815820A59DAA}.Debug|Any CPU.Build.0 = Debug|Any CPU
		{7CB6E2C2-E566-4BDB-B6A8-815820A59DAA}.Release|Any CPU.ActiveCfg = Release|Any CPU
		{7CB6E2C2-E566-4BDB-B6A8-815820A59DAA}.Release|Any CPU.Build.0 = Release|Any CPU
		{FF938420-86F6-4A27-9462-A395D9F43782}.Debug|Any CPU.ActiveCfg = Debug|Any CPU
		{FF938420-86F6-4A27-9462-A395D9F43782}.Debug|Any CPU.Build.0 = Debug|Any CPU
		{FF938420-86F6-4A27-9462-A395D9F43782}.Release|Any CPU.ActiveCfg = Release|Any CPU
		{FF938420-86F6-4A27-9462-A395D9F43782}.Release|Any CPU.Build.0 = Release|Any CPU
	EndGlobalSection
	GlobalSection(SolutionProperties) = preSolution
		HideSolutionNode = FALSE
	EndGlobalSection
	GlobalSection(ExtensibilityGlobals) = postSolution
		SolutionGuid = {6DD75DDB-7B61-4336-99C4-775DD92958C8}
	EndGlobalSection
EndGlobal
